
Microsoft Visual Studio Solution File, Format Version 12.00
# Visual Studio Version 17
VisualStudioVersion = 17.1.32328.378
MinimumVisualStudioVersion = 10.0.40219.1
Project("{FAE04EC0-301F-11D3-BF4B-00C04F79EFBC}") = "CurrencyConverter", "CurrencyConverter\CurrencyConverter.csproj", "{F2C3C33D-0C9D-47AB-98B6-5EF90D887D3C}"
EndProject
Global
	GlobalSection(SolutionConfigurationPlatforms) = preSolution
		Debug|Any CPU = Debug|Any CPU
		Release|Any CPU = Release|Any CPU
	EndGlobalSection
	GlobalSection(ProjectConfigurationPlatforms) = postSolution
		{F2C3C33D-0C9D-47AB-98B6-5EF90D887D3C}.Debug|Any CPU.ActiveCfg = Debug|Any CPU
		{F2C3C33D-0C9D-47AB-98B6-5EF90D887D3C}.Debug|Any CPU.Build.0 = Debug|Any CPU
		{F2C3C33D-0C9D-47AB-98B6-5EF90D887D3C}.Release|Any CPU.ActiveCfg = Release|Any CPU
		{F2C3C33D-0C9D-47AB-98B6-5EF90D887D3C}.Release|Any CPU.Build.0 = Release|Any CPU
	EndGlobalSection
	GlobalSection(SolutionProperties) = preSolution
		HideSolutionNode = FALSE
	EndGlobalSection
	GlobalSection(ExtensibilityGlobals) = postSolution
		SolutionGuid = {D5C4A426-F6B1-4B7A-BE0B-336B4B799D61}
	EndGlobalSection
EndGlobal
